
Microsoft Visual Studio Solution File, Format Version 12.00
# Visual Studio Version 17
VisualStudioVersion = 17.14.36518.9 d17.14
MinimumVisualStudioVersion = 10.0.40219.1
Project("{FAE04EC0-301F-11D3-BF4B-00C04F79EFBC}") = "Hubbly.Api", "Hubbly.Api\Hubbly.Api.csproj", "{812BFC8E-0A31-469F-BD6E-211B5C290FD2}"
EndProject
Project("{FAE04EC0-301F-11D3-BF4B-00C04F79EFBC}") = "Hubbly.Application", "Hubbly.Application\Hubbly.Application.csproj", "{A660BFBA-1B61-487B-A5CD-0B66CF2E2091}"
EndProject
Project("{FAE04EC0-301F-11D3-BF4B-00C04F79EFBC}") = "Hubbly.Domain", "Hubbly.Domain\Hubbly.Domain.csproj", "{AA9B903D-CA2C-478D-9889-9C81CC4A389D}"
EndProject
Project("{FAE04EC0-301F-11D3-BF4B-00C04F79EFBC}") = "Hubbly.Infrastructure", "Hubbly.Infrastructure\Hubbly.Infrastructure.csproj", "{11A0F72F-B1D3-4540-A8E4-0CDED4FF2498}"
EndProject
Global
	GlobalSection(SolutionConfigurationPlatforms) = preSolution
		Debug|Any CPU = Debug|Any CPU
		Release|Any CPU = Release|Any CPU
	EndGlobalSection
	GlobalSection(ProjectConfigurationPlatforms) = postSolution
		{812BFC8E-0A31-469F-BD6E-211B5C290FD2}.Debug|Any CPU.ActiveCfg = Debug|Any CPU
		{812BFC8E-0A31-469F-BD6E-211B5C290FD2}.Debug|Any CPU.Build.0 = Debug|Any CPU
		{812BFC8E-0A31-469F-BD6E-211B5C290FD2}.Release|Any CPU.ActiveCfg = Release|Any CPU
		{812BFC8E-0A31-469F-BD6E-211B5C290FD2}.Release|Any CPU.Build.0 = Release|Any CPU
		{A660BFBA-1B61-487B-A5CD-0B66CF2E2091}.Debug|Any CPU.ActiveCfg = Debug|Any CPU
		{A660BFBA-1B61-487B-A5CD-0B66CF2E2091}.Debug|Any CPU.Build.0 = Debug|Any CPU
		{A660BFBA-1B61-487B-A5CD-0B66CF2E2091}.Release|Any CPU.ActiveCfg = Release|Any CPU
		{A660BFBA-1B61-487B-A5CD-0B66CF2E2091}.Release|Any CPU.Build.0 = Release|Any CPU
		{AA9B903D-CA2C-478D-9889-9C81CC4A389D}.Debug|Any CPU.ActiveCfg = Debug|Any CPU
		{AA9B903D-CA2C-478D-9889-9C81CC4A389D}.Debug|Any CPU.Build.0 = Debug|Any CPU
		{AA9B903D-CA2C-478D-9889-9C81CC4A389D}.Release|Any CPU.ActiveCfg = Release|Any CPU
		{AA9B903D-CA2C-478D-9889-9C81CC4A389D}.Release|Any CPU.Build.0 = Release|Any CPU
		{11A0F72F-B1D3-4540-A8E4-0CDED4FF2498}.Debug|Any CPU.ActiveCfg = Debug|Any CPU
		{11A0F72F-B1D3-4540-A8E4-0CDED4FF2498}.Debug|Any CPU.Build.0 = Debug|Any CPU
		{11A0F72F-B1D3-4540-A8E4-0CDED4FF2498}.Release|Any CPU.ActiveCfg = Release|Any CPU
		{11A0F72F-B1D3-4540-A8E4-0CDED4FF2498}.Release|Any CPU.Build.0 = Release|Any CPU
	EndGlobalSection
	GlobalSection(SolutionProperties) = preSolution
		HideSolutionNode = FALSE
	EndGlobalSection
	GlobalSection(ExtensibilityGlobals) = postSolution
		SolutionGuid = {9F7D7D67-349F-44FB-B2E5-C2D2ABACD708}
	EndGlobalSection
EndGlobal
